// !$*UTF8*$!
{
	archiveVersion = 1;
	classes = {
	};
	objectVersion = 46;
	objects = {

/* Begin PBXBuildFile section */
		602DA11B1B4FA26200C3CD4A /* CoreSpotlight.framework in Frameworks */ = {isa = PBXBuildFile; fileRef = 602DA11A1B4FA26200C3CD4A /* CoreSpotlight.framework */; };
		602DA11D1B4FA47000C3CD4A /* MobileCoreServices.framework in Frameworks */ = {isa = PBXBuildFile; fileRef = 602DA11C1B4FA47000C3CD4A /* MobileCoreServices.framework */; };
		60E4DDBB1B4E267A00B36FA6 /* AppDelegate.swift in Sources */ = {isa = PBXBuildFile; fileRef = 60E4DDBA1B4E267A00B36FA6 /* AppDelegate.swift */; };
		60E4DDBD1B4E267A00B36FA6 /* MasterViewController.swift in Sources */ = {isa = PBXBuildFile; fileRef = 60E4DDBC1B4E267A00B36FA6 /* MasterViewController.swift */; };
		60E4DDBF1B4E267A00B36FA6 /* DetailViewController.swift in Sources */ = {isa = PBXBuildFile; fileRef = 60E4DDBE1B4E267A00B36FA6 /* DetailViewController.swift */; };
		60E4DDC21B4E267A00B36FA6 /* Main.storyboard in Resources */ = {isa = PBXBuildFile; fileRef = 60E4DDC01B4E267A00B36FA6 /* Main.storyboard */; };
		60E4DDC41B4E267A00B36FA6 /* Assets.xcassets in Resources */ = {isa = PBXBuildFile; fileRef = 60E4DDC31B4E267A00B36FA6 /* Assets.xcassets */; };
		60E4DDC71B4E267A00B36FA6 /* LaunchScreen.storyboard in Resources */ = {isa = PBXBuildFile; fileRef = 60E4DDC51B4E267A00B36FA6 /* LaunchScreen.storyboard */; };
/* End PBXBuildFile section */

/* Begin PBXFileReference section */
		602DA11A1B4FA26200C3CD4A /* CoreSpotlight.framework */ = {isa = PBXFileReference; lastKnownFileType = wrapper.framework; name = CoreSpotlight.framework; path = System/Library/Frameworks/CoreSpotlight.framework; sourceTree = SDKROOT; };
		602DA11C1B4FA47000C3CD4A /* MobileCoreServices.framework */ = {isa = PBXFileReference; lastKnownFileType = wrapper.framework; name = MobileCoreServices.framework; path = System/Library/Frameworks/MobileCoreServices.framework; sourceTree = SDKROOT; };
		60E4DDB71B4E267A00B36FA6 /* iOS 9 Search.app */ = {isa = PBXFileReference; explicitFileType = wrapper.application; includeInIndex = 0; path = "iOS 9 Search.app"; sourceTree = BUILT_PRODUCTS_DIR; };
		60E4DDBA1B4E267A00B36FA6 /* AppDelegate.swift */ = {isa = PBXFileReference; lastKnownFileType = sourcecode.swift; path = AppDelegate.swift; sourceTree = "<group>"; };
		60E4DDBC1B4E267A00B36FA6 /* MasterViewController.swift */ = {isa = PBXFileReference; lastKnownFileType = sourcecode.swift; path = MasterViewController.swift; sourceTree = "<group>"; };
		60E4DDBE1B4E267A00B36FA6 /* DetailViewController.swift */ = {isa = PBXFileReference; lastKnownFileType = sourcecode.swift; path = DetailViewController.swift; sourceTree = "<group>"; };
		60E4DDC11B4E267A00B36FA6 /* Base */ = {isa = PBXFileReference; lastKnownFileType = file.storyboard; name = Base; path = Base.lproj/Main.storyboard; sourceTree = "<group>"; };
		60E4DDC31B4E267A00B36FA6 /* Assets.xcassets */ = {isa = PBXFileReference; lastKnownFileType = folder.assetcatalog; path = Assets.xcassets; sourceTree = "<group>"; };
		60E4DDC61B4E267A00B36FA6 /* Base */ = {isa = PBXFileReference; lastKnownFileType = file.storyboard; name = Base; path = Base.lproj/LaunchScreen.storyboard; sourceTree = "<group>"; };
		60E4DDC81B4E267A00B36FA6 /* Info.plist */ = {isa = PBXFileReference; lastKnownFileType = text.plist.xml; path = Info.plist; sourceTree = "<group>"; };
/* End PBXFileReference section */

/* Begin PBXFrameworksBuildPhase section */
		60E4DDB41B4E267A00B36FA6 /* Frameworks */ = {
			isa = PBXFrameworksBuildPhase;
			buildActionMask = 2147483647;
			files = (
				602DA11D1B4FA47000C3CD4A /* MobileCoreServices.framework in Frameworks */,
				602DA11B1B4FA26200C3CD4A /* CoreSpotlight.framework in Frameworks */,
			);
			runOnlyForDeploymentPostprocessing = 0;
		};
/* End PBXFrameworksBuildPhase section */

/* Begin PBXGroup section */
		60E4DDAE1B4E267A00B36FA6 = {
			isa = PBXGroup;
			children = (
				602DA11C1B4FA47000C3CD4A /* MobileCoreServices.framework */,
				602DA11A1B4FA26200C3CD4A /* CoreSpotlight.framework */,
				60E4DDB91B4E267A00B36FA6 /* iOS 9 Search */,
				60E4DDB81B4E267A00B36FA6 /* Products */,
			);
			sourceTree = "<group>";
		};
		60E4DDB81B4E267A00B36FA6 /* Products */ = {
			isa = PBXGroup;
			children = (
				60E4DDB71B4E267A00B36FA6 /* iOS 9 Search.app */,
			);
			name = Products;
			sourceTree = "<group>";
		};
		60E4DDB91B4E267A00B36FA6 /* iOS 9 Search */ = {
			isa = PBXGroup;
			children = (
				60E4DDBA1B4E267A00B36FA6 /* AppDelegate.swift */,
				60E4DDBC1B4E267A00B36FA6 /* MasterViewController.swift */,
				60E4DDBE1B4E267A00B36FA6 /* DetailViewController.swift */,
				60E4DDC01B4E267A00B36FA6 /* Main.storyboard */,
				60E4DDC31B4E267A00B36FA6 /* Assets.xcassets */,
				60E4DDC51B4E267A00B36FA6 /* LaunchScreen.storyboard */,
				60E4DDC81B4E267A00B36FA6 /* Info.plist */,
			);
			path = "iOS 9 Search";
			sourceTree = "<group>";
		};
/* End PBXGroup section */

/* Begin PBXNativeTarget section */
		60E4DDB61B4E267A00B36FA6 /* iOS 9 Search */ = {
			isa = PBXNativeTarget;
			buildConfigurationList = 60E4DDCB1B4E267A00B36FA6 /* Build configuration list for PBXNativeTarget "iOS 9 Search" */;
			buildPhases = (
				60E4DDB31B4E267A00B36FA6 /* Sources */,
				60E4DDB41B4E267A00B36FA6 /* Frameworks */,
				60E4DDB51B4E267A00B36FA6 /* Resources */,
			);
			buildRules = (
			);
			dependencies = (
			);
			name = "iOS 9 Search";
			productName = "iOS 9 Search";
			productReference = 60E4DDB71B4E267A00B36FA6 /* iOS 9 Search.app */;
			productType = "com.apple.product-type.application";
		};
/* End PBXNativeTarget section */

/* Begin PBXProject section */
		60E4DDAF1B4E267A00B36FA6 /* Project object */ = {
			isa = PBXProject;
			attributes = {
				LastUpgradeCheck = 0700;
				ORGANIZATIONNAME = "Davis Allie";
				TargetAttributes = {
					60E4DDB61B4E267A00B36FA6 = {
						CreatedOnToolsVersion = 7.0;
					};
				};
			};
			buildConfigurationList = 60E4DDB21B4E267A00B36FA6 /* Build configuration list for PBXProject "iOS 9 Search" */;
			compatibilityVersion = "Xcode 3.2";
			developmentRegion = English;
			hasScannedForEncodings = 0;
			knownRegions = (
				en,
				Base,
			);
			mainGroup = 60E4DDAE1B4E267A00B36FA6;
			productRefGroup = 60E4DDB81B4E267A00B36FA6 /* Products */;
			projectDirPath = "";
			projectRoot = "";
			targets = (
				60E4DDB61B4E267A00B36FA6 /* iOS 9 Search */,
			);
		};
/* End PBXProject section */

/* Begin PBXResourcesBuildPhase section */
		60E4DDB51B4E267A00B36FA6 /* Resources */ = {
			isa = PBXResourcesBuildPhase;
			buildActionMask = 2147483647;
			files = (
				60E4DDC71B4E267A00B36FA6 /* LaunchScreen.storyboard in Resources */,
				60E4DDC41B4E267A00B36FA6 /* Assets.xcassets in Resources */,
				60E4DDC21B4E267A00B36FA6 /* Main.storyboard in Resources */,
			);
			runOnlyForDeploymentPostprocessing = 0;
		};
/* End PBXResourcesBuildPhase section */

/* Begin PBXSourcesBuildPhase section */
		60E4DDB31B4E267A00B36FA6 /* Sources */ = {
			isa = PBXSourcesBuildPhase;
			buildActionMask = 2147483647;
			files = (
				60E4DDBF1B4E267A00B36FA6 /* DetailViewController.swift in Sources */,
				60E4DDBD1B4E267A00B36FA6 /* MasterViewController.swift in Sources */,
				60E4DDBB1B4E267A00B36FA6 /* AppDelegate.swift in Sources */,
			);
			runOnlyForDeploymentPostprocessing = 0;
		};
/* End PBXSourcesBuildPhase section */

/* Begin PBXVariantGroup section */
		60E4DDC01B4E267A00B36FA6 /* Main.storyboard */ = {
			isa = PBXVariantGroup;
			children = (
				60E4DDC11B4E267A00B36FA6 /* Base */,
			);
			name = Main.storyboard;
			sourceTree = "<group>";
		};
		60E4DDC51B4E267A00B36FA6 /* LaunchScreen.storyboard */ = {
			isa = PBXVariantGroup;
			children = (
				60E4DDC61B4E267A00B36FA6 /* Base */,
			);
			name = LaunchScreen.storyboard;
			sourceTree = "<group>";
		};
/* End PBXVariantGroup section */

/* Begin XCBuildConfiguration section */
		60E4DDC91B4E267A00B36FA6 /* Debug */ = {
			isa = XCBuildConfiguration;
			buildSettings = {
				ALWAYS_SEARCH_USER_PATHS = NO;
				CLANG_CXX_LANGUAGE_STANDARD = "gnu++0x";
				CLANG_CXX_LIBRARY = "libc++";
				CLANG_ENABLE_MODULES = YES;
				CLANG_ENABLE_OBJC_ARC = YES;
				CLANG_WARN_BOOL_CONVERSION = YES;
				CLANG_WARN_CONSTANT_CONVERSION = YES;
				CLANG_WARN_DIRECT_OBJC_ISA_USAGE = YES_ERROR;
				CLANG_WARN_EMPTY_BODY = YES;
				CLANG_WARN_ENUM_CONVERSION = YES;
				CLANG_WARN_INT_CONVERSION = YES;
				CLANG_WARN_OBJC_ROOT_CLASS = YES_ERROR;
				CLANG_WARN_UNREACHABLE_CODE = YES;
				CLANG_WARN__DUPLICATE_METHOD_MATCH = YES;
				"CODE_SIGN_IDENTITY[sdk=iphoneos*]" = "iPhone Developer";
				COPY_PHASE_STRIP = NO;
				DEBUG_INFORMATION_FORMAT = dwarf;
				ENABLE_STRICT_OBJC_MSGSEND = YES;
				ENABLE_TESTABILITY = YES;
				GCC_C_LANGUAGE_STANDARD = gnu99;
				GCC_DYNAMIC_NO_PIC = NO;
				GCC_NO_COMMON_BLOCKS = YES;
				GCC_OPTIMIZATION_LEVEL = 0;
				GCC_PREPROCESSOR_DEFINITIONS = (
					"DEBUG=1",
					"$(inherited)",
				);
				GCC_WARN_64_TO_32_BIT_CONVERSION = YES;
				GCC_WARN_ABOUT_RETURN_TYPE = YES_ERROR;
				GCC_WARN_UNDECLARED_SELECTOR = YES;
				GCC_WARN_UNINITIALIZED_AUTOS = YES_AGGRESSIVE;
				GCC_WARN_UNUSED_FUNCTION = YES;
				GCC_WARN_UNUSED_VARIABLE = YES;
				IPHONEOS_DEPLOYMENT_TARGET = 9.0;
				MTL_ENABLE_DEBUG_INFO = YES;
				ONLY_ACTIVE_ARCH = YES;
				SDKROOT = iphoneos;
				SWIFT_OPTIMIZATION_LEVEL = "-Onone";
				TARGETED_DEVICE_FAMILY = "1,2";
			};
			name = Debug;
		};
		60E4DDCA1B4E267A00B36FA6 /* Release */ = {
			isa = XCBuildConfiguration;
			buildSettings = {
				ALWAYS_SEARCH_USER_PATHS = NO;
				CLANG_CXX_LANGUAGE_STANDARD = "gnu++0x";
				CLANG_CXX_LIBRARY = "libc++";
				CLANG_ENABLE_MODULES = YES;
				CLANG_ENABLE_OBJC_ARC = YES;
				CLANG_WARN_BOOL_CONVERSION = YES;
				CLANG_WARN_CONSTANT_CONVERSION = YES;
				CLANG_WARN_DIRECT_OBJC_ISA_USAGE = YES_ERROR;
				CLANG_WARN_EMPTY_BODY = YES;
				CLANG_WARN_ENUM_CONVERSION = YES;
				CLANG_WARN_INT_CONVERSION = YES;
				CLANG_WARN_OBJC_ROOT_CLASS = YES_ERROR;
				CLANG_WARN_UNREACHABLE_CODE = YES;
				CLANG_WARN__DUPLICATE_METHOD_MATCH = YES;
				"CODE_SIGN_IDENTITY[sdk=iphoneos*]" = "iPhone Developer";
				COPY_PHASE_STRIP = NO;
				DEBUG_INFORMATION_FORMAT = "dwarf-with-dsym";
				ENABLE_NS_ASSERTIONS = NO;
				ENABLE_STRICT_OBJC_MSGSEND = YES;
				GCC_C_LANGUAGE_STANDARD = gnu99;
				GCC_NO_COMMON_BLOCKS = YES;
				GCC_WARN_64_TO_32_BIT_CONVERSION = YES;
				GCC_WARN_ABOUT_RETURN_TYPE = YES_ERROR;
				GCC_WARN_UNDECLARED_SELECTOR = YES;
				GCC_WARN_UNINITIALIZED_AUTOS = YES_AGGRESSIVE;
				GCC_WARN_UNUSED_FUNCTION = YES;
				GCC_WARN_UNUSED_VARIABLE = YES;
				IPHONEOS_DEPLOYMENT_TARGET = 9.0;
				MTL_ENABLE_DEBUG_INFO = NO;
				SDKROOT = iphoneos;
				TARGETED_DEVICE_FAMILY = "1,2";
				VALIDATE_PRODUCT = YES;
			};
			name = Release;
		};
		60E4DDCC1B4E267A00B36FA6 /* Debug */ = {
			isa = XCBuildConfiguration;
			buildSettings = {
				ASSETCATALOG_COMPILER_APPICON_NAME = AppIcon;
				INFOPLIST_FILE = "iOS 9 Search/Info.plist";
				LD_RUNPATH_SEARCH_PATHS = "$(inherited) @executable_path/Frameworks";
				PRODUCT_BUNDLE_IDENTIFIER = "com.tutsplus.iOS-9-Search";
				PRODUCT_NAME = "$(TARGET_NAME)";
			};
			name = Debug;
		};
		60E4DDCD1B4E267A00B36FA6 /* Release */ = {
			isa = XCBuildConfiguration;
			buildSettings = {
				ASSETCATALOG_COMPILER_APPICON_NAME = AppIcon;
				INFOPLIST_FILE = "iOS 9 Search/Info.plist";
				LD_RUNPATH_SEARCH_PATHS = "$(inherited) @executable_path/Frameworks";
				PRODUCT_BUNDLE_IDENTIFIER = "com.tutsplus.iOS-9-Search";
				PRODUCT_NAME = "$(TARGET_NAME)";
			};
			name = Release;
		};
/* End XCBuildConfiguration section */

/* Begin XCConfigurationList section */
		60E4DDB21B4E267A00B36FA6 /* Build configuration list for PBXProject "iOS 9 Search" */ = {
			isa = XCConfigurationList;
			buildConfigurations = (
				60E4DDC91B4E267A00B36FA6 /* Debug */,
				60E4DDCA1B4E267A00B36FA6 /* Release */,
			);
			defaultConfigurationIsVisible = 0;
			defaultConfigurationName = Release;
		};
		60E4DDCB1B4E267A00B36FA6 /* Build configuration list for PBXNativeTarget "iOS 9 Search" */ = {
			isa = XCConfigurationList;
			buildConfigurations = (
				60E4DDCC1B4E267A00B36FA6 /* Debug */,
				60E4DDCD1B4E267A00B36FA6 /* Release */,
			);
			defaultConfigurationIsVisible = 0;
			defaultConfigurationName = Release;
		};
/* End XCConfigurationList section */
	};
	rootObject = 60E4DDAF1B4E267A00B36FA6 /* Project object */;
}
